# THIS IS AN AUTOGENERATED FILE. DO NOT EDIT THIS FILE DIRECTLY.
# yarn lockfile v1


"@effect/data@^0.18.5":
  version "0.18.5"
  resolved "https://registry.yarnpkg.com/@effect/data/-/data-0.18.5.tgz#70a25912f09673d27916c783866f0e49fe3848d7"
  integrity sha512-VFPJ0prGq3eF6/eZYKVI/1IC1purdGJXEHJC1ggKynPko03upjtmeCeCsEyMiY12DzVIAuME425JndiFb7m2xw==

"@effect/io@^0.40.1":
  version "0.40.1"
  resolved "https://registry.yarnpkg.com/@effect/io/-/io-0.40.1.tgz#2a23b8654bc625980dbf66249265d9f1c776de4a"
  integrity sha512-OeMK7JonvW/D6Z377cOsuCSHUbsO9ZkmAIDmzQ1Qffx8+h5yUXRm0htmPwKkxtCHZr2QxyZfSBzxSzrGU7asXQ==

"@effect/match@^0.35.2":
  version "0.35.2"
  resolved "https://registry.yarnpkg.com/@effect/match/-/match-0.35.2.tgz#c52c6a02bcc2a520d37935641cc4cd2432646c4a"
  integrity sha512-2zZhWIdejX3xqbjormykBveHZTB/DBr/u/XBj5Ln6u2ShbMvoUykgVEscQLN3CsQeHDS14Vvr1DOvH0qeMILZQ==

"@effect/stm@^0.24.0":
  version "0.24.0"
  resolved "https://registry.yarnpkg.com/@effect/stm/-/stm-0.24.0.tgz#7f042a643cf9f84cea00e804a456a3a67a2822b0"
  integrity sha512-6L4zhy2lvkxn3jMG7dvZ4lKOmxSvaNBpkIT/ZOS6mad+B5/r8G3bKFe0C70aHwpQkxORd9LVmFr/f5MXLKZtfQ==

"@effect/stream@^0.36.0":
  version "0.36.0"
  resolved "https://registry.yarnpkg.com/@effect/stream/-/stream-0.36.0.tgz#dbd8d617d32b1cea92ae49c801fcb1595ff5c008"
  integrity sha512-vAMQ3kumsAXAiAwtuzJEOeII2bAB9rNY1NLYOqpgvXVWTUIYQf/wy4QbbcLXLuoMUUi7zS/JDVmC8jbPscfLNg==

effect@^2.0.0-next.32:
  version "2.0.0-next.32"
  resolved "https://registry.yarnpkg.com/effect/-/effect-2.0.0-next.32.tgz#fb9e6c57f112587de3e0b7424fd4fe2f3dbde263"
  integrity sha512-WSh1x3ajpKcinJrPLdlY+8/SSp2KZUOQywQfefRDWDo0aaLgNRbOFS1onDJdjtC0qDbay2f30UiTH7XtZm8+1A==
  dependencies:
    "@effect/data" "^0.18.5"
    "@effect/io" "^0.40.1"
    "@effect/match" "^0.35.2"
    "@effect/stm" "^0.24.0"
    "@effect/stream" "^0.36.0"
